
Microsoft Visual Studio Solution File, Format Version 12.00
# Visual Studio Version 16
VisualStudioVersion = 16.0.30907.101
MinimumVisualStudioVersion = 10.0.40219.1
Project("{FAE04EC0-301F-11D3-BF4B-00C04F79EFBC}") = "RecapDemo1", "RecapDemo1\RecapDemo1.csproj", "{F3C61F7E-CD91-4325-BBFB-420ED54398AA}"
EndProject
Global
	GlobalSection(SolutionConfigurationPlatforms) = preSolution
		Debug|Any CPU = Debug|Any CPU
		Release|Any CPU = Release|Any CPU
	EndGlobalSection
	GlobalSection(ProjectConfigurationPlatforms) = postSolution
		{F3C61F7E-CD91-4325-BBFB-420ED54398AA}.Debug|Any CPU.ActiveCfg = Debug|Any CPU
		{F3C61F7E-CD91-4325-BBFB-420ED54398AA}.Debug|Any CPU.Build.0 = Debug|Any CPU
		{F3C61F7E-CD91-4325-BBFB-420ED54398AA}.Release|Any CPU.ActiveCfg = Release|Any CPU
		{F3C61F7E-CD91-4325-BBFB-420ED54398AA}.Release|Any CPU.Build.0 = Release|Any CPU
	EndGlobalSection
	GlobalSection(SolutionProperties) = preSolution
		HideSolutionNode = FALSE
	EndGlobalSection
	GlobalSection(ExtensibilityGlobals) = postSolution
		SolutionGuid = {27BA321F-8E7C-4E8E-98D3-8A043913BA88}
	EndGlobalSection
EndGlobal
